// !$*UTF8*$!
{
	archiveVersion = 1;
	classes = {
	};
	objectVersion = 56;
	objects = {

/* Begin PBXBuildFile section */
		5C4D51B62A04EEDA00F127FD /* MovieCollectionApp.swift in Sources */ = {isa = PBXBuildFile; fileRef = 5C4D51B52A04EEDA00F127FD /* MovieCollectionApp.swift */; };
		5C4D51B82A04EEDA00F127FD /* ContentView.swift in Sources */ = {isa = PBXBuildFile; fileRef = 5C4D51B72A04EEDA00F127FD /* ContentView.swift */; };
		5C4D51BA2A04EEDB00F127FD /* Assets.xcassets in Resources */ = {isa = PBXBuildFile; fileRef = 5C4D51B92A04EEDB00F127FD /* Assets.xcassets */; };
		5C4D51BD2A04EEDB00F127FD /* Preview Assets.xcassets in Resources */ = {isa = PBXBuildFile; fileRef = 5C4D51BC2A04EEDB00F127FD /* Preview Assets.xcassets */; };
		5C4D51C42A050FD600F127FD /* MovieSearchView.swift in Sources */ = {isa = PBXBuildFile; fileRef = 5C4D51C32A050FD600F127FD /* MovieSearchView.swift */; };
		5C4D51C62A0512AE00F127FD /* MovieCell.swift in Sources */ = {isa = PBXBuildFile; fileRef = 5C4D51C52A0512AE00F127FD /* MovieCell.swift */; };
		5C4D51C82A06028400F127FD /* APIClient.swift in Sources */ = {isa = PBXBuildFile; fileRef = 5C4D51C72A06028400F127FD /* APIClient.swift */; };
		5C4D51CA2A06035500F127FD /* MovieSearchResponse.swift in Sources */ = {isa = PBXBuildFile; fileRef = 5C4D51C92A06035500F127FD /* MovieSearchResponse.swift */; };
		5C4D51CF2A06072400F127FD /* MovieSearchViewModel.swift in Sources */ = {isa = PBXBuildFile; fileRef = 5C4D51CE2A06072400F127FD /* MovieSearchViewModel.swift */; };
		5C5644FA2A06342B0012D58D /* MovieSearchResultView.swift in Sources */ = {isa = PBXBuildFile; fileRef = 5C5644F92A06342B0012D58D /* MovieSearchResultView.swift */; };
		5C5644FC2A0635F00012D58D /* MovieSelectedView.swift in Sources */ = {isa = PBXBuildFile; fileRef = 5C5644FB2A0635F00012D58D /* MovieSelectedView.swift */; };
		5C5644FE2A063F220012D58D /* NextButton.swift in Sources */ = {isa = PBXBuildFile; fileRef = 5C5644FD2A063F220012D58D /* NextButton.swift */; };
/* End PBXBuildFile section */

/* Begin PBXFileReference section */
		5C4D51B22A04EEDA00F127FD /* MovieCollection.app */ = {isa = PBXFileReference; explicitFileType = wrapper.application; includeInIndex = 0; path = MovieCollection.app; sourceTree = BUILT_PRODUCTS_DIR; };
		5C4D51B52A04EEDA00F127FD /* MovieCollectionApp.swift */ = {isa = PBXFileReference; lastKnownFileType = sourcecode.swift; path = MovieCollectionApp.swift; sourceTree = "<group>"; };
		5C4D51B72A04EEDA00F127FD /* ContentView.swift */ = {isa = PBXFileReference; lastKnownFileType = sourcecode.swift; path = ContentView.swift; sourceTree = "<group>"; };
		5C4D51B92A04EEDB00F127FD /* Assets.xcassets */ = {isa = PBXFileReference; lastKnownFileType = folder.assetcatalog; path = Assets.xcassets; sourceTree = "<group>"; };
		5C4D51BC2A04EEDB00F127FD /* Preview Assets.xcassets */ = {isa = PBXFileReference; lastKnownFileType = folder.assetcatalog; path = "Preview Assets.xcassets"; sourceTree = "<group>"; };
		5C4D51C32A050FD600F127FD /* MovieSearchView.swift */ = {isa = PBXFileReference; lastKnownFileType = sourcecode.swift; path = MovieSearchView.swift; sourceTree = "<group>"; };
		5C4D51C52A0512AE00F127FD /* MovieCell.swift */ = {isa = PBXFileReference; lastKnownFileType = sourcecode.swift; path = MovieCell.swift; sourceTree = "<group>"; };
		5C4D51C72A06028400F127FD /* APIClient.swift */ = {isa = PBXFileReference; lastKnownFileType = sourcecode.swift; path = APIClient.swift; sourceTree = "<group>"; };
		5C4D51C92A06035500F127FD /* MovieSearchResponse.swift */ = {isa = PBXFileReference; lastKnownFileType = sourcecode.swift; path = MovieSearchResponse.swift; sourceTree = "<group>"; };
		5C4D51CE2A06072400F127FD /* MovieSearchViewModel.swift */ = {isa = PBXFileReference; lastKnownFileType = sourcecode.swift; path = MovieSearchViewModel.swift; sourceTree = "<group>"; };
		5C4D51D22A0624C400F127FD /* env.xcconfig */ = {isa = PBXFileReference; lastKnownFileType = text.xcconfig; path = env.xcconfig; sourceTree = "<group>"; };
		5C5644F92A06342B0012D58D /* MovieSearchResultView.swift */ = {isa = PBXFileReference; lastKnownFileType = sourcecode.swift; path = MovieSearchResultView.swift; sourceTree = "<group>"; };
		5C5644FB2A0635F00012D58D /* MovieSelectedView.swift */ = {isa = PBXFileReference; lastKnownFileType = sourcecode.swift; path = MovieSelectedView.swift; sourceTree = "<group>"; };
		5C5644FD2A063F220012D58D /* NextButton.swift */ = {isa = PBXFileReference; lastKnownFileType = sourcecode.swift; path = NextButton.swift; sourceTree = "<group>"; };
/* End PBXFileReference section */

/* Begin PBXFrameworksBuildPhase section */
		5C4D51AF2A04EEDA00F127FD /* Frameworks */ = {
			isa = PBXFrameworksBuildPhase;
			buildActionMask = 2147483647;
			files = (
			);
			runOnlyForDeploymentPostprocessing = 0;
		};
/* End PBXFrameworksBuildPhase section */

/* Begin PBXGroup section */
		5C4D51A92A04EEDA00F127FD = {
			isa = PBXGroup;
			children = (
				5C4D51B42A04EEDA00F127FD /* MovieCollection */,
				5C4D51B32A04EEDA00F127FD /* Products */,
			);
			sourceTree = "<group>";
		};
		5C4D51B32A04EEDA00F127FD /* Products */ = {
			isa = PBXGroup;
			children = (
				5C4D51B22A04EEDA00F127FD /* MovieCollection.app */,
			);
			name = Products;
			sourceTree = "<group>";
		};
		5C4D51B42A04EEDA00F127FD /* MovieCollection */ = {
			isa = PBXGroup;
			children = (
				5C4D51CD2A06070600F127FD /* ViewModel */,
				5C4D51CC2A0606CF00F127FD /* API */,
				5C4D51CB2A0606C100F127FD /* View */,
				5C4D51D42A0626BF00F127FD /* SupportingFiles */,
				5C4D51BB2A04EEDB00F127FD /* Preview Content */,
			);
			path = MovieCollection;
			sourceTree = "<group>";
		};
		5C4D51BB2A04EEDB00F127FD /* Preview Content */ = {
			isa = PBXGroup;
			children = (
				5C4D51BC2A04EEDB00F127FD /* Preview Assets.xcassets */,
			);
			path = "Preview Content";
			sourceTree = "<group>";
		};
		5C4D51CB2A0606C100F127FD /* View */ = {
			isa = PBXGroup;
			children = (
				5C4D51B72A04EEDA00F127FD /* ContentView.swift */,
				5C4D51C32A050FD600F127FD /* MovieSearchView.swift */,
				5C4D51C52A0512AE00F127FD /* MovieCell.swift */,
				5C4D51B52A04EEDA00F127FD /* MovieCollectionApp.swift */,
				5C5644F92A06342B0012D58D /* MovieSearchResultView.swift */,
				5C5644FB2A0635F00012D58D /* MovieSelectedView.swift */,
				5C5644FD2A063F220012D58D /* NextButton.swift */,
			);
			path = View;
			sourceTree = "<group>";
		};
		5C4D51CC2A0606CF00F127FD /* API */ = {
			isa = PBXGroup;
			children = (
				5C4D51C92A06035500F127FD /* MovieSearchResponse.swift */,
				5C4D51C72A06028400F127FD /* APIClient.swift */,
			);
			path = API;
			sourceTree = "<group>";
		};
		5C4D51CD2A06070600F127FD /* ViewModel */ = {
			isa = PBXGroup;
			children = (
				5C4D51CE2A06072400F127FD /* MovieSearchViewModel.swift */,
			);
			path = ViewModel;
			sourceTree = "<group>";
		};
		5C4D51D42A0626BF00F127FD /* SupportingFiles */ = {
			isa = PBXGroup;
			children = (
				5C4D51B92A04EEDB00F127FD /* Assets.xcassets */,
				5C4D51D22A0624C400F127FD /* env.xcconfig */,
			);
			path = SupportingFiles;
			sourceTree = "<group>";
		};
/* End PBXGroup section */

/* Begin PBXNativeTarget section */
		5C4D51B12A04EEDA00F127FD /* MovieCollection */ = {
			isa = PBXNativeTarget;
			buildConfigurationList = 5C4D51C02A04EEDB00F127FD /* Build configuration list for PBXNativeTarget "MovieCollection" */;
			buildPhases = (
				5C4D51AE2A04EEDA00F127FD /* Sources */,
				5C4D51AF2A04EEDA00F127FD /* Frameworks */,
				5C4D51B02A04EEDA00F127FD /* Resources */,
			);
			buildRules = (
			);
			dependencies = (
			);
			name = MovieCollection;
			productName = MovieCollection;
			productReference = 5C4D51B22A04EEDA00F127FD /* MovieCollection.app */;
			productType = "com.apple.product-type.application";
		};
/* End PBXNativeTarget section */

/* Begin PBXProject section */
		5C4D51AA2A04EEDA00F127FD /* Project object */ = {
			isa = PBXProject;
			attributes = {
				BuildIndependentTargetsInParallel = 1;
				LastSwiftUpdateCheck = 1430;
				LastUpgradeCheck = 1430;
				TargetAttributes = {
					5C4D51B12A04EEDA00F127FD = {
						CreatedOnToolsVersion = 14.3;
					};
				};
			};
			buildConfigurationList = 5C4D51AD2A04EEDA00F127FD /* Build configuration list for PBXProject "MovieCollection" */;
			compatibilityVersion = "Xcode 14.0";
			developmentRegion = en;
			hasScannedForEncodings = 0;
			knownRegions = (
				en,
				Base,
			);
			mainGroup = 5C4D51A92A04EEDA00F127FD;
			productRefGroup = 5C4D51B32A04EEDA00F127FD /* Products */;
			projectDirPath = "";
			projectRoot = "";
			targets = (
				5C4D51B12A04EEDA00F127FD /* MovieCollection */,
			);
		};
/* End PBXProject section */

/* Begin PBXResourcesBuildPhase section */
		5C4D51B02A04EEDA00F127FD /* Resources */ = {
			isa = PBXResourcesBuildPhase;
			buildActionMask = 2147483647;
			files = (
				5C4D51BD2A04EEDB00F127FD /* Preview Assets.xcassets in Resources */,
				5C4D51BA2A04EEDB00F127FD /* Assets.xcassets in Resources */,
			);
			runOnlyForDeploymentPostprocessing = 0;
		};
/* End PBXResourcesBuildPhase section */

/* Begin PBXSourcesBuildPhase section */
		5C4D51AE2A04EEDA00F127FD /* Sources */ = {
			isa = PBXSourcesBuildPhase;
			buildActionMask = 2147483647;
			files = (
				5C5644FE2A063F220012D58D /* NextButton.swift in Sources */,
				5C4D51C42A050FD600F127FD /* MovieSearchView.swift in Sources */,
				5C5644FC2A0635F00012D58D /* MovieSelectedView.swift in Sources */,
				5C4D51CF2A06072400F127FD /* MovieSearchViewModel.swift in Sources */,
				5C4D51B82A04EEDA00F127FD /* ContentView.swift in Sources */,
				5C4D51C62A0512AE00F127FD /* MovieCell.swift in Sources */,
				5C4D51CA2A06035500F127FD /* MovieSearchResponse.swift in Sources */,
				5C4D51C82A06028400F127FD /* APIClient.swift in Sources */,
				5C5644FA2A06342B0012D58D /* MovieSearchResultView.swift in Sources */,
				5C4D51B62A04EEDA00F127FD /* MovieCollectionApp.swift in Sources */,
			);
			runOnlyForDeploymentPostprocessing = 0;
		};
/* End PBXSourcesBuildPhase section */

/* Begin XCBuildConfiguration section */
		5C4D51BE2A04EEDB00F127FD /* Debug */ = {
			isa = XCBuildConfiguration;
			baseConfigurationReference = 5C4D51D22A0624C400F127FD /* env.xcconfig */;
			buildSettings = {
				ALWAYS_SEARCH_USER_PATHS = NO;
				CLANG_ANALYZER_NONNULL = YES;
				CLANG_ANALYZER_NUMBER_OBJECT_CONVERSION = YES_AGGRESSIVE;
				CLANG_CXX_LANGUAGE_STANDARD = "gnu++20";
				CLANG_ENABLE_MODULES = YES;
				CLANG_ENABLE_OBJC_ARC = YES;
				CLANG_ENABLE_OBJC_WEAK = YES;
				CLANG_WARN_BLOCK_CAPTURE_AUTORELEASING = YES;
				CLANG_WARN_BOOL_CONVERSION = YES;
				CLANG_WARN_COMMA = YES;
				CLANG_WARN_CONSTANT_CONVERSION = YES;
				CLANG_WARN_DEPRECATED_OBJC_IMPLEMENTATIONS = YES;
				CLANG_WARN_DIRECT_OBJC_ISA_USAGE = YES_ERROR;
				CLANG_WARN_DOCUMENTATION_COMMENTS = YES;
				CLANG_WARN_EMPTY_BODY = YES;
				CLANG_WARN_ENUM_CONVERSION = YES;
				CLANG_WARN_INFINITE_RECURSION = YES;
				CLANG_WARN_INT_CONVERSION = YES;
				CLANG_WARN_NON_LITERAL_NULL_CONVERSION = YES;
				CLANG_WARN_OBJC_IMPLICIT_RETAIN_SELF = YES;
				CLANG_WARN_OBJC_LITERAL_CONVERSION = YES;
				CLANG_WARN_OBJC_ROOT_CLASS = YES_ERROR;
				CLANG_WARN_QUOTED_INCLUDE_IN_FRAMEWORK_HEADER = YES;
				CLANG_WARN_RANGE_LOOP_ANALYSIS = YES;
				CLANG_WARN_STRICT_PROTOTYPES = YES;
				CLANG_WARN_SUSPICIOUS_MOVE = YES;
				CLANG_WARN_UNGUARDED_AVAILABILITY = YES_AGGRESSIVE;
				CLANG_WARN_UNREACHABLE_CODE = YES;
				CLANG_WARN__DUPLICATE_METHOD_MATCH = YES;
				COPY_PHASE_STRIP = NO;
				DEBUG_INFORMATION_FORMAT = dwarf;
				ENABLE_STRICT_OBJC_MSGSEND = YES;
				ENABLE_TESTABILITY = YES;
				GCC_C_LANGUAGE_STANDARD = gnu11;
				GCC_DYNAMIC_NO_PIC = NO;
				GCC_NO_COMMON_BLOCKS = YES;
				GCC_OPTIMIZATION_LEVEL = 0;
				GCC_PREPROCESSOR_DEFINITIONS = (
					"DEBUG=1",
					"$(inherited)",
				);
				GCC_WARN_64_TO_32_BIT_CONVERSION = YES;
				GCC_WARN_ABOUT_RETURN_TYPE = YES_ERROR;
				GCC_WARN_UNDECLARED_SELECTOR = YES;
				GCC_WARN_UNINITIALIZED_AUTOS = YES_AGGRESSIVE;
				GCC_WARN_UNUSED_FUNCTION = YES;
				GCC_WARN_UNUSED_VARIABLE = YES;
				IPHONEOS_DEPLOYMENT_TARGET = 16.4;
				MTL_ENABLE_DEBUG_INFO = INCLUDE_SOURCE;
				MTL_FAST_MATH = YES;
				ONLY_ACTIVE_ARCH = YES;
				SDKROOT = iphoneos;
				SWIFT_ACTIVE_COMPILATION_CONDITIONS = DEBUG;
				SWIFT_OPTIMIZATION_LEVEL = "-Onone";
			};
			name = Debug;
		};
		5C4D51BF2A04EEDB00F127FD /* Release */ = {
			isa = XCBuildConfiguration;
			baseConfigurationReference = 5C4D51D22A0624C400F127FD /* env.xcconfig */;
			buildSettings = {
				ALWAYS_SEARCH_USER_PATHS = NO;
				CLANG_ANALYZER_NONNULL = YES;
				CLANG_ANALYZER_NUMBER_OBJECT_CONVERSION = YES_AGGRESSIVE;
				CLANG_CXX_LANGUAGE_STANDARD = "gnu++20";
				CLANG_ENABLE_MODULES = YES;
				CLANG_ENABLE_OBJC_ARC = YES;
				CLANG_ENABLE_OBJC_WEAK = YES;
				CLANG_WARN_BLOCK_CAPTURE_AUTORELEASING = YES;
				CLANG_WARN_BOOL_CONVERSION = YES;
				CLANG_WARN_COMMA = YES;
				CLANG_WARN_CONSTANT_CONVERSION = YES;
				CLANG_WARN_DEPRECATED_OBJC_IMPLEMENTATIONS = YES;
				CLANG_WARN_DIRECT_OBJC_ISA_USAGE = YES_ERROR;
				CLANG_WARN_DOCUMENTATION_COMMENTS = YES;
				CLANG_WARN_EMPTY_BODY = YES;
				CLANG_WARN_ENUM_CONVERSION = YES;
				CLANG_WARN_INFINITE_RECURSION = YES;
				CLANG_WARN_INT_CONVERSION = YES;
				CLANG_WARN_NON_LITERAL_NULL_CONVERSION = YES;
				CLANG_WARN_OBJC_IMPLICIT_RETAIN_SELF = YES;
				CLANG_WARN_OBJC_LITERAL_CONVERSION = YES;
				CLANG_WARN_OBJC_ROOT_CLASS = YES_ERROR;
				CLANG_WARN_QUOTED_INCLUDE_IN_FRAMEWORK_HEADER = YES;
				CLANG_WARN_RANGE_LOOP_ANALYSIS = YES;
				CLANG_WARN_STRICT_PROTOTYPES = YES;
				CLANG_WARN_SUSPICIOUS_MOVE = YES;
				CLANG_WARN_UNGUARDED_AVAILABILITY = YES_AGGRESSIVE;
				CLANG_WARN_UNREACHABLE_CODE = YES;
				CLANG_WARN__DUPLICATE_METHOD_MATCH = YES;
				COPY_PHASE_STRIP = NO;
				DEBUG_INFORMATION_FORMAT = "dwarf-with-dsym";
				ENABLE_NS_ASSERTIONS = NO;
				ENABLE_STRICT_OBJC_MSGSEND = YES;
				GCC_C_LANGUAGE_STANDARD = gnu11;
				GCC_NO_COMMON_BLOCKS = YES;
				GCC_WARN_64_TO_32_BIT_CONVERSION = YES;
				GCC_WARN_ABOUT_RETURN_TYPE = YES_ERROR;
				GCC_WARN_UNDECLARED_SELECTOR = YES;
				GCC_WARN_UNINITIALIZED_AUTOS = YES_AGGRESSIVE;
				GCC_WARN_UNUSED_FUNCTION = YES;
				GCC_WARN_UNUSED_VARIABLE = YES;
				IPHONEOS_DEPLOYMENT_TARGET = 16.4;
				MTL_ENABLE_DEBUG_INFO = NO;
				MTL_FAST_MATH = YES;
				SDKROOT = iphoneos;
				SWIFT_COMPILATION_MODE = wholemodule;
				SWIFT_OPTIMIZATION_LEVEL = "-O";
				VALIDATE_PRODUCT = YES;
			};
			name = Release;
		};
		5C4D51C12A04EEDB00F127FD /* Debug */ = {
			isa = XCBuildConfiguration;
			buildSettings = {
				ASSETCATALOG_COMPILER_APPICON_NAME = AppIcon;
				ASSETCATALOG_COMPILER_GLOBAL_ACCENT_COLOR_NAME = AccentColor;
				CODE_SIGN_STYLE = Automatic;
				CURRENT_PROJECT_VERSION = 1;
				DEVELOPMENT_ASSET_PATHS = "\"MovieCollection/Preview Content\"";
				DEVELOPMENT_TEAM = 7ZJJ7KR6WA;
				ENABLE_PREVIEWS = YES;
				GENERATE_INFOPLIST_FILE = YES;
				INFOPLIST_FILE = MovieCollection/Info.plist;
				INFOPLIST_KEY_UIApplicationSceneManifest_Generation = YES;
				INFOPLIST_KEY_UIApplicationSupportsIndirectInputEvents = YES;
				INFOPLIST_KEY_UILaunchScreen_Generation = YES;
				INFOPLIST_KEY_UISupportedInterfaceOrientations_iPad = "UIInterfaceOrientationPortrait UIInterfaceOrientationPortraitUpsideDown UIInterfaceOrientationLandscapeLeft UIInterfaceOrientationLandscapeRight";
				INFOPLIST_KEY_UISupportedInterfaceOrientations_iPhone = "UIInterfaceOrientationPortrait UIInterfaceOrientationLandscapeLeft UIInterfaceOrientationLandscapeRight";
				LD_RUNPATH_SEARCH_PATHS = (
					"$(inherited)",
					"@executable_path/Frameworks",
				);
				MARKETING_VERSION = 1.0;
				PRODUCT_BUNDLE_IDENTIFIER = com.me.n.rei.MovieCollection;
				PRODUCT_NAME = "$(TARGET_NAME)";
				SWIFT_EMIT_LOC_STRINGS = YES;
				SWIFT_VERSION = 5.0;
				TARGETED_DEVICE_FAMILY = "1,2";
			};
			name = Debug;
		};
		5C4D51C22A04EEDB00F127FD /* Release */ = {
			isa = XCBuildConfiguration;
			buildSettings = {
				ASSETCATALOG_COMPILER_APPICON_NAME = AppIcon;
				ASSETCATALOG_COMPILER_GLOBAL_ACCENT_COLOR_NAME = AccentColor;
				CODE_SIGN_STYLE = Automatic;
				CURRENT_PROJECT_VERSION = 1;
				DEVELOPMENT_ASSET_PATHS = "\"MovieCollection/Preview Content\"";
				DEVELOPMENT_TEAM = 7ZJJ7KR6WA;
				ENABLE_PREVIEWS = YES;
				GENERATE_INFOPLIST_FILE = YES;
				INFOPLIST_FILE = MovieCollection/Info.plist;
				INFOPLIST_KEY_UIApplicationSceneManifest_Generation = YES;
				INFOPLIST_KEY_UIApplicationSupportsIndirectInputEvents = YES;
				INFOPLIST_KEY_UILaunchScreen_Generation = YES;
				INFOPLIST_KEY_UISupportedInterfaceOrientations_iPad = "UIInterfaceOrientationPortrait UIInterfaceOrientationPortraitUpsideDown UIInterfaceOrientationLandscapeLeft UIInterfaceOrientationLandscapeRight";
				INFOPLIST_KEY_UISupportedInterfaceOrientations_iPhone = "UIInterfaceOrientationPortrait UIInterfaceOrientationLandscapeLeft UIInterfaceOrientationLandscapeRight";
				LD_RUNPATH_SEARCH_PATHS = (
					"$(inherited)",
					"@executable_path/Frameworks",
				);
				MARKETING_VERSION = 1.0;
				PRODUCT_BUNDLE_IDENTIFIER = com.me.n.rei.MovieCollection;
				PRODUCT_NAME = "$(TARGET_NAME)";
				SWIFT_EMIT_LOC_STRINGS = YES;
				SWIFT_VERSION = 5.0;
				TARGETED_DEVICE_FAMILY = "1,2";
			};
			name = Release;
		};
/* End XCBuildConfiguration section */

/* Begin XCConfigurationList section */
		5C4D51AD2A04EEDA00F127FD /* Build configuration list for PBXProject "MovieCollection" */ = {
			isa = XCConfigurationList;
			buildConfigurations = (
				5C4D51BE2A04EEDB00F127FD /* Debug */,
				5C4D51BF2A04EEDB00F127FD /* Release */,
			);
			defaultConfigurationIsVisible = 0;
			defaultConfigurationName = Release;
		};
		5C4D51C02A04EEDB00F127FD /* Build configuration list for PBXNativeTarget "MovieCollection" */ = {
			isa = XCConfigurationList;
			buildConfigurations = (
				5C4D51C12A04EEDB00F127FD /* Debug */,
				5C4D51C22A04EEDB00F127FD /* Release */,
			);
			defaultConfigurationIsVisible = 0;
			defaultConfigurationName = Release;
		};
/* End XCConfigurationList section */
	};
	rootObject = 5C4D51AA2A04EEDA00F127FD /* Project object */;
}
